
Microsoft Visual Studio Solution File, Format Version 12.00
# Visual Studio 14
VisualStudioVersion = 14.0.25420.1
MinimumVisualStudioVersion = 10.0.40219.1
Project("{FAE04EC0-301F-11D3-BF4B-00C04F79EFBC}") = "Aufeedback.Presentation", "Aufeedback.Presentation\Aufeedback.Presentation.csproj", "{EAF63D21-9FA2-4676-99F7-F28627F97E34}"
EndProject
Project("{FAE04EC0-301F-11D3-BF4B-00C04F79EFBC}") = "AuFeedback.WebApi", "AuFeedback.WebApi\AuFeedback.WebApi.csproj", "{55F0E361-8145-4EBB-984D-991C0D78CB1A}"
EndProject
Project("{FAE04EC0-301F-11D3-BF4B-00C04F79EFBC}") = "AuFeedback.WebApi.Tests", "AuFeedback.WebApi.Tests\AuFeedback.WebApi.Tests.csproj", "{499F09B7-5F8B-4C2F-93EB-0395CB2CEA20}"
EndProject
Global
	GlobalSection(SolutionConfigurationPlatforms) = preSolution
		Debug|Any CPU = Debug|Any CPU
		Release|Any CPU = Release|Any CPU
	EndGlobalSection
	GlobalSection(ProjectConfigurationPlatforms) = postSolution
		{EAF63D21-9FA2-4676-99F7-F28627F97E34}.Debug|Any CPU.ActiveCfg = Debug|Any CPU
		{EAF63D21-9FA2-4676-99F7-F28627F97E34}.Debug|Any CPU.Build.0 = Debug|Any CPU
		{EAF63D21-9FA2-4676-99F7-F28627F97E34}.Release|Any CPU.ActiveCfg = Release|Any CPU
		{EAF63D21-9FA2-4676-99F7-F28627F97E34}.Release|Any CPU.Build.0 = Release|Any CPU
		{55F0E361-8145-4EBB-984D-991C0D78CB1A}.Debug|Any CPU.ActiveCfg = Debug|Any CPU
		{55F0E361-8145-4EBB-984D-991C0D78CB1A}.Debug|Any CPU.Build.0 = Debug|Any CPU
		{55F0E361-8145-4EBB-984D-991C0D78CB1A}.Release|Any CPU.ActiveCfg = Release|Any CPU
		{55F0E361-8145-4EBB-984D-991C0D78CB1A}.Release|Any CPU.Build.0 = Release|Any CPU
		{499F09B7-5F8B-4C2F-93EB-0395CB2CEA20}.Debug|Any CPU.ActiveCfg = Debug|Any CPU
		{499F09B7-5F8B-4C2F-93EB-0395CB2CEA20}.Debug|Any CPU.Build.0 = Debug|Any CPU
		{499F09B7-5F8B-4C2F-93EB-0395CB2CEA20}.Release|Any CPU.ActiveCfg = Release|Any CPU
		{499F09B7-5F8B-4C2F-93EB-0395CB2CEA20}.Release|Any CPU.Build.0 = Release|Any CPU
	EndGlobalSection
	GlobalSection(SolutionProperties) = preSolution
		HideSolutionNode = FALSE
	EndGlobalSection
EndGlobal
